// !$*UTF8*$!
{
	archiveVersion = 1;
	classes = {
	};
	objectVersion = 55;
	objects = {

/* Begin PBXBuildFile section */
		6B0D70BB2CE47FD300C76D6D /* Picture.swift in Sources */ = {isa = PBXBuildFile; fileRef = 6B0D70BA2CE47FD300C76D6D /* Picture.swift */; };
		6B0D70BD2CE480CF00C76D6D /* PictureService.swift in Sources */ = {isa = PBXBuildFile; fileRef = 6B0D70BC2CE480CF00C76D6D /* PictureService.swift */; };
		6B0D70C02CE4825B00C76D6D /* PictureListViewModel.swift in Sources */ = {isa = PBXBuildFile; fileRef = 6B0D70BF2CE4825B00C76D6D /* PictureListViewModel.swift */; };
		6B0D70C22CE4C1A200C76D6D /* PictureDetailView.swift in Sources */ = {isa = PBXBuildFile; fileRef = 6B0D70C12CE4C1A200C76D6D /* PictureDetailView.swift */; };
		8C7F79712CB4FA3C003BCB10 /* ccunsaProyectoApp.swift in Sources */ = {isa = PBXBuildFile; fileRef = 8C7F79702CB4FA3C003BCB10 /* ccunsaProyectoApp.swift */; };
		8C7F79732CB4FA3C003BCB10 /* ContentView.swift in Sources */ = {isa = PBXBuildFile; fileRef = 8C7F79722CB4FA3C003BCB10 /* ContentView.swift */; };
		8C7F79752CB4FA3E003BCB10 /* Assets.xcassets in Resources */ = {isa = PBXBuildFile; fileRef = 8C7F79742CB4FA3E003BCB10 /* Assets.xcassets */; };
		8C7F79782CB4FA3E003BCB10 /* Preview Assets.xcassets in Resources */ = {isa = PBXBuildFile; fileRef = 8C7F79772CB4FA3E003BCB10 /* Preview Assets.xcassets */; };
		8C7F79802CB4FAE1003BCB10 /* LoginView.swift in Sources */ = {isa = PBXBuildFile; fileRef = 8C7F797F2CB4FAE1003BCB10 /* LoginView.swift */; };
		8C7F79822CB4FAEE003BCB10 /* HomeView.swift in Sources */ = {isa = PBXBuildFile; fileRef = 8C7F79812CB4FAEE003BCB10 /* HomeView.swift */; };
		8C7F79842CB4FB04003BCB10 /* CreateAccountView.swift in Sources */ = {isa = PBXBuildFile; fileRef = 8C7F79832CB4FB04003BCB10 /* CreateAccountView.swift */; };
		8C7F79882CB4FBC4003BCB10 /* ccunsaModel.xcdatamodeld in Sources */ = {isa = PBXBuildFile; fileRef = 8C7F79862CB4FBC4003BCB10 /* ccunsaModel.xcdatamodeld */; };
		8C7F798A2CB4FDF0003BCB10 /* DataController.swift in Sources */ = {isa = PBXBuildFile; fileRef = 8C7F79892CB4FDF0003BCB10 /* DataController.swift */; };
		8CA220DD2CB7475700296D5E /* MainTabView.swift in Sources */ = {isa = PBXBuildFile; fileRef = 8CA220DC2CB7475700296D5E /* MainTabView.swift */; };
		8CA220DF2CB747E800296D5E /* PaintingListView.swift in Sources */ = {isa = PBXBuildFile; fileRef = 8CA220DE2CB747E800296D5E /* PaintingListView.swift */; };
		8CA220E12CB7480C00296D5E /* MapView.swift in Sources */ = {isa = PBXBuildFile; fileRef = 8CA220E02CB7480C00296D5E /* MapView.swift */; };
		8CA220E32CB7482B00296D5E /* QRScannerView.swift in Sources */ = {isa = PBXBuildFile; fileRef = 8CA220E22CB7482B00296D5E /* QRScannerView.swift */; };
		8CB081542CB7373000E45ACE /* Account+CoreDataClass.swift in Sources */ = {isa = PBXBuildFile; fileRef = 8CB081522CB7373000E45ACE /* Account+CoreDataClass.swift */; };
		8CB081552CB7373000E45ACE /* Account+CoreDataProperties.swift in Sources */ = {isa = PBXBuildFile; fileRef = 8CB081532CB7373000E45ACE /* Account+CoreDataProperties.swift */; };
		EC21ECF82CE2D5E400667147 /* DetallePintura.swift in Sources */ = {isa = PBXBuildFile; fileRef = EC21ECF72CE2D5E400667147 /* DetallePintura.swift */; };
		ECB83BB12CE26DD70031DF8C /* Permission.swift in Sources */ = {isa = PBXBuildFile; fileRef = ECB83BB02CE26DD70031DF8C /* Permission.swift */; };
		ECB83BB32CE26E0C0031DF8C /* VistaCamara.swift in Sources */ = {isa = PBXBuildFile; fileRef = ECB83BB22CE26E0C0031DF8C /* VistaCamara.swift */; };
		ECB83BB52CE26E2B0031DF8C /* QRScannerDelegate.swift in Sources */ = {isa = PBXBuildFile; fileRef = ECB83BB42CE26E2B0031DF8C /* QRScannerDelegate.swift */; };
		ECB83BB72CE26E560031DF8C /* ImagePicker.swift in Sources */ = {isa = PBXBuildFile; fileRef = ECB83BB62CE26E560031DF8C /* ImagePicker.swift */; };
/* End PBXBuildFile section */

/* Begin PBXFileReference section */
		6B0D70BA2CE47FD300C76D6D /* Picture.swift */ = {isa = PBXFileReference; lastKnownFileType = sourcecode.swift; path = Picture.swift; sourceTree = "<group>"; };
		6B0D70BC2CE480CF00C76D6D /* PictureService.swift */ = {isa = PBXFileReference; lastKnownFileType = sourcecode.swift; path = PictureService.swift; sourceTree = "<group>"; };
		6B0D70BF2CE4825B00C76D6D /* PictureListViewModel.swift */ = {isa = PBXFileReference; lastKnownFileType = sourcecode.swift; path = PictureListViewModel.swift; sourceTree = "<group>"; };
		6B0D70C12CE4C1A200C76D6D /* PictureDetailView.swift */ = {isa = PBXFileReference; lastKnownFileType = sourcecode.swift; path = PictureDetailView.swift; sourceTree = "<group>"; };
		8C7F796D2CB4FA3C003BCB10 /* ccunsaProyecto.app */ = {isa = PBXFileReference; explicitFileType = wrapper.application; includeInIndex = 0; path = ccunsaProyecto.app; sourceTree = BUILT_PRODUCTS_DIR; };
		8C7F79702CB4FA3C003BCB10 /* ccunsaProyectoApp.swift */ = {isa = PBXFileReference; lastKnownFileType = sourcecode.swift; path = ccunsaProyectoApp.swift; sourceTree = "<group>"; };
		8C7F79722CB4FA3C003BCB10 /* ContentView.swift */ = {isa = PBXFileReference; lastKnownFileType = sourcecode.swift; path = ContentView.swift; sourceTree = "<group>"; };
		8C7F79742CB4FA3E003BCB10 /* Assets.xcassets */ = {isa = PBXFileReference; lastKnownFileType = folder.assetcatalog; path = Assets.xcassets; sourceTree = "<group>"; };
		8C7F79772CB4FA3E003BCB10 /* Preview Assets.xcassets */ = {isa = PBXFileReference; lastKnownFileType = folder.assetcatalog; path = "Preview Assets.xcassets"; sourceTree = "<group>"; };
		8C7F797F2CB4FAE1003BCB10 /* LoginView.swift */ = {isa = PBXFileReference; lastKnownFileType = sourcecode.swift; path = LoginView.swift; sourceTree = "<group>"; };
		8C7F79812CB4FAEE003BCB10 /* HomeView.swift */ = {isa = PBXFileReference; lastKnownFileType = sourcecode.swift; path = HomeView.swift; sourceTree = "<group>"; };
		8C7F79832CB4FB04003BCB10 /* CreateAccountView.swift */ = {isa = PBXFileReference; lastKnownFileType = sourcecode.swift; path = CreateAccountView.swift; sourceTree = "<group>"; };
		8C7F79872CB4FBC4003BCB10 /* ccunsaModel.xcdatamodel */ = {isa = PBXFileReference; lastKnownFileType = wrapper.xcdatamodel; path = ccunsaModel.xcdatamodel; sourceTree = "<group>"; };
		8C7F79892CB4FDF0003BCB10 /* DataController.swift */ = {isa = PBXFileReference; lastKnownFileType = sourcecode.swift; path = DataController.swift; sourceTree = "<group>"; };
		8CA220DC2CB7475700296D5E /* MainTabView.swift */ = {isa = PBXFileReference; lastKnownFileType = sourcecode.swift; path = MainTabView.swift; sourceTree = "<group>"; };
		8CA220DE2CB747E800296D5E /* PaintingListView.swift */ = {isa = PBXFileReference; lastKnownFileType = sourcecode.swift; path = PaintingListView.swift; sourceTree = "<group>"; };
		8CA220E02CB7480C00296D5E /* MapView.swift */ = {isa = PBXFileReference; lastKnownFileType = sourcecode.swift; path = MapView.swift; sourceTree = "<group>"; };
		8CA220E22CB7482B00296D5E /* QRScannerView.swift */ = {isa = PBXFileReference; lastKnownFileType = sourcecode.swift; path = QRScannerView.swift; sourceTree = "<group>"; };
		8CB081522CB7373000E45ACE /* Account+CoreDataClass.swift */ = {isa = PBXFileReference; lastKnownFileType = sourcecode.swift; name = "Account+CoreDataClass.swift"; path = "DataModel/Account+CoreDataClass.swift"; sourceTree = "<group>"; };
		8CB081532CB7373000E45ACE /* Account+CoreDataProperties.swift */ = {isa = PBXFileReference; lastKnownFileType = sourcecode.swift; name = "Account+CoreDataProperties.swift"; path = "DataModel/Account+CoreDataProperties.swift"; sourceTree = "<group>"; };
		EC21ECF72CE2D5E400667147 /* DetallePintura.swift */ = {isa = PBXFileReference; lastKnownFileType = sourcecode.swift; path = DetallePintura.swift; sourceTree = "<group>"; };
		ECB83BB02CE26DD70031DF8C /* Permission.swift */ = {isa = PBXFileReference; lastKnownFileType = sourcecode.swift; path = Permission.swift; sourceTree = "<group>"; };
		ECB83BB22CE26E0C0031DF8C /* VistaCamara.swift */ = {isa = PBXFileReference; lastKnownFileType = sourcecode.swift; path = VistaCamara.swift; sourceTree = "<group>"; };
		ECB83BB42CE26E2B0031DF8C /* QRScannerDelegate.swift */ = {isa = PBXFileReference; lastKnownFileType = sourcecode.swift; path = QRScannerDelegate.swift; sourceTree = "<group>"; };
		ECB83BB62CE26E560031DF8C /* ImagePicker.swift */ = {isa = PBXFileReference; lastKnownFileType = sourcecode.swift; path = ImagePicker.swift; sourceTree = "<group>"; };
/* End PBXFileReference section */

/* Begin PBXFrameworksBuildPhase section */
		8C7F796A2CB4FA3C003BCB10 /* Frameworks */ = {
			isa = PBXFrameworksBuildPhase;
			buildActionMask = 2147483647;
			files = (
			);
			runOnlyForDeploymentPostprocessing = 0;
		};
/* End PBXFrameworksBuildPhase section */

/* Begin PBXGroup section */
		6B0D70B82CE47E5100C76D6D /* Models */ = {
			isa = PBXGroup;
			children = (
				6B0D70BA2CE47FD300C76D6D /* Picture.swift */,
			);
			path = Models;
			sourceTree = "<group>";
		};
		6B0D70B92CE47E7400C76D6D /* Services */ = {
			isa = PBXGroup;
			children = (
				6B0D70BC2CE480CF00C76D6D /* PictureService.swift */,
			);
			path = Services;
			sourceTree = "<group>";
		};
		6B0D70BE2CE4822700C76D6D /* ViewModels */ = {
			isa = PBXGroup;
			children = (
				6B0D70BF2CE4825B00C76D6D /* PictureListViewModel.swift */,
			);
			path = ViewModels;
			sourceTree = "<group>";
		};
		8C7F79642CB4FA3C003BCB10 = {
			isa = PBXGroup;
			children = (
				6B0D70BE2CE4822700C76D6D /* ViewModels */,
				6B0D70B92CE47E7400C76D6D /* Services */,
				6B0D70B82CE47E5100C76D6D /* Models */,
				8CB081522CB7373000E45ACE /* Account+CoreDataClass.swift */,
				8CB081532CB7373000E45ACE /* Account+CoreDataProperties.swift */,
				8C7F79852CB4FB7D003BCB10 /* DataModel */,
				8C7F797E2CB4FAD1003BCB10 /* Views */,
				8C7F796F2CB4FA3C003BCB10 /* ccunsaProyecto */,
				8C7F796E2CB4FA3C003BCB10 /* Products */,
			);
			sourceTree = "<group>";
		};
		8C7F796E2CB4FA3C003BCB10 /* Products */ = {
			isa = PBXGroup;
			children = (
				8C7F796D2CB4FA3C003BCB10 /* ccunsaProyecto.app */,
			);
			name = Products;
			sourceTree = "<group>";
		};
		8C7F796F2CB4FA3C003BCB10 /* ccunsaProyecto */ = {
			isa = PBXGroup;
			children = (
				8C7F79702CB4FA3C003BCB10 /* ccunsaProyectoApp.swift */,
				8C7F79722CB4FA3C003BCB10 /* ContentView.swift */,
				8C7F79742CB4FA3E003BCB10 /* Assets.xcassets */,
				8C7F79762CB4FA3E003BCB10 /* Preview Content */,
			);
			path = ccunsaProyecto;
			sourceTree = "<group>";
		};
		8C7F79762CB4FA3E003BCB10 /* Preview Content */ = {
			isa = PBXGroup;
			children = (
				8C7F79772CB4FA3E003BCB10 /* Preview Assets.xcassets */,
			);
			path = "Preview Content";
			sourceTree = "<group>";
		};
		8C7F797E2CB4FAD1003BCB10 /* Views */ = {
			isa = PBXGroup;
			children = (
				8C7F797F2CB4FAE1003BCB10 /* LoginView.swift */,
				8C7F79812CB4FAEE003BCB10 /* HomeView.swift */,
				8C7F79832CB4FB04003BCB10 /* CreateAccountView.swift */,
				8CA220DC2CB7475700296D5E /* MainTabView.swift */,
				8CA220DE2CB747E800296D5E /* PaintingListView.swift */,
				8CA220E02CB7480C00296D5E /* MapView.swift */,
				8CA220E22CB7482B00296D5E /* QRScannerView.swift */,
				ECB83BB22CE26E0C0031DF8C /* VistaCamara.swift */,
				ECB83BB42CE26E2B0031DF8C /* QRScannerDelegate.swift */,
				ECB83BB62CE26E560031DF8C /* ImagePicker.swift */,
				EC21ECF72CE2D5E400667147 /* DetallePintura.swift */,
				6B0D70C12CE4C1A200C76D6D /* PictureDetailView.swift */,
			);
			path = Views;
			sourceTree = "<group>";
		};
		8C7F79852CB4FB7D003BCB10 /* DataModel */ = {
			isa = PBXGroup;
			children = (
				8C7F79862CB4FBC4003BCB10 /* ccunsaModel.xcdatamodeld */,
				8C7F79892CB4FDF0003BCB10 /* DataController.swift */,
				ECB83BB02CE26DD70031DF8C /* Permission.swift */,
			);
			path = DataModel;
			sourceTree = "<group>";
		};
/* End PBXGroup section */

/* Begin PBXNativeTarget section */
		8C7F796C2CB4FA3C003BCB10 /* ccunsaProyecto */ = {
			isa = PBXNativeTarget;
			buildConfigurationList = 8C7F797B2CB4FA3E003BCB10 /* Build configuration list for PBXNativeTarget "ccunsaProyecto" */;
			buildPhases = (
				8C7F79692CB4FA3C003BCB10 /* Sources */,
				8C7F796A2CB4FA3C003BCB10 /* Frameworks */,
				8C7F796B2CB4FA3C003BCB10 /* Resources */,
			);
			buildRules = (
			);
			dependencies = (
			);
			name = ccunsaProyecto;
			productName = ccunsaProyecto;
			productReference = 8C7F796D2CB4FA3C003BCB10 /* ccunsaProyecto.app */;
			productType = "com.apple.product-type.application";
		};
/* End PBXNativeTarget section */

/* Begin PBXProject section */
		8C7F79652CB4FA3C003BCB10 /* Project object */ = {
			isa = PBXProject;
			attributes = {
				LastSwiftUpdateCheck = 1500;
				LastUpgradeCheck = 1500;
				TargetAttributes = {
					8C7F796C2CB4FA3C003BCB10 = {
						CreatedOnToolsVersion = 15.0;
					};
				};
			};
			buildConfigurationList = 8C7F79682CB4FA3C003BCB10 /* Build configuration list for PBXProject "ccunsaProyecto" */;
			compatibilityVersion = "Xcode 13.0";
			developmentRegion = en;
			hasScannedForEncodings = 0;
			knownRegions = (
				en,
				Base,
			);
			mainGroup = 8C7F79642CB4FA3C003BCB10;
			productRefGroup = 8C7F796E2CB4FA3C003BCB10 /* Products */;
			projectDirPath = "";
			projectRoot = "";
			targets = (
				8C7F796C2CB4FA3C003BCB10 /* ccunsaProyecto */,
			);
		};
/* End PBXProject section */

/* Begin PBXResourcesBuildPhase section */
		8C7F796B2CB4FA3C003BCB10 /* Resources */ = {
			isa = PBXResourcesBuildPhase;
			buildActionMask = 2147483647;
			files = (
				8C7F79782CB4FA3E003BCB10 /* Preview Assets.xcassets in Resources */,
				8C7F79752CB4FA3E003BCB10 /* Assets.xcassets in Resources */,
			);
			runOnlyForDeploymentPostprocessing = 0;
		};
/* End PBXResourcesBuildPhase section */

/* Begin PBXSourcesBuildPhase section */
		8C7F79692CB4FA3C003BCB10 /* Sources */ = {
			isa = PBXSourcesBuildPhase;
			buildActionMask = 2147483647;
			files = (
				6B0D70C02CE4825B00C76D6D /* PictureListViewModel.swift in Sources */,
				8CA220DF2CB747E800296D5E /* PaintingListView.swift in Sources */,
				8CA220E12CB7480C00296D5E /* MapView.swift in Sources */,
				8C7F798A2CB4FDF0003BCB10 /* DataController.swift in Sources */,
				ECB83BB72CE26E560031DF8C /* ImagePicker.swift in Sources */,
				8C7F79802CB4FAE1003BCB10 /* LoginView.swift in Sources */,
				8C7F79822CB4FAEE003BCB10 /* HomeView.swift in Sources */,
				8C7F79882CB4FBC4003BCB10 /* ccunsaModel.xcdatamodeld in Sources */,
				8C7F79732CB4FA3C003BCB10 /* ContentView.swift in Sources */,
				8C7F79712CB4FA3C003BCB10 /* ccunsaProyectoApp.swift in Sources */,
				6B0D70C22CE4C1A200C76D6D /* PictureDetailView.swift in Sources */,
				EC21ECF82CE2D5E400667147 /* DetallePintura.swift in Sources */,
				ECB83BB12CE26DD70031DF8C /* Permission.swift in Sources */,
				ECB83BB32CE26E0C0031DF8C /* VistaCamara.swift in Sources */,
				ECB83BB52CE26E2B0031DF8C /* QRScannerDelegate.swift in Sources */,
				8CA220E32CB7482B00296D5E /* QRScannerView.swift in Sources */,
				8CB081552CB7373000E45ACE /* Account+CoreDataProperties.swift in Sources */,
				8CA220DD2CB7475700296D5E /* MainTabView.swift in Sources */,
				6B0D70BD2CE480CF00C76D6D /* PictureService.swift in Sources */,
				6B0D70BB2CE47FD300C76D6D /* Picture.swift in Sources */,
				8C7F79842CB4FB04003BCB10 /* CreateAccountView.swift in Sources */,
				8CB081542CB7373000E45ACE /* Account+CoreDataClass.swift in Sources */,
			);
			runOnlyForDeploymentPostprocessing = 0;
		};
/* End PBXSourcesBuildPhase section */

/* Begin XCBuildConfiguration section */
		8C7F79792CB4FA3E003BCB10 /* Debug */ = {
			isa = XCBuildConfiguration;
			buildSettings = {
				ALWAYS_SEARCH_USER_PATHS = NO;
				ASSETCATALOG_COMPILER_GENERATE_SWIFT_ASSET_SYMBOL_EXTENSIONS = YES;
				CLANG_ANALYZER_NONNULL = YES;
				CLANG_ANALYZER_NUMBER_OBJECT_CONVERSION = YES_AGGRESSIVE;
				CLANG_CXX_LANGUAGE_STANDARD = "gnu++20";
				CLANG_ENABLE_MODULES = YES;
				CLANG_ENABLE_OBJC_ARC = YES;
				CLANG_ENABLE_OBJC_WEAK = YES;
				CLANG_WARN_BLOCK_CAPTURE_AUTORELEASING = YES;
				CLANG_WARN_BOOL_CONVERSION = YES;
				CLANG_WARN_COMMA = YES;
				CLANG_WARN_CONSTANT_CONVERSION = YES;
				CLANG_WARN_DEPRECATED_OBJC_IMPLEMENTATIONS = YES;
				CLANG_WARN_DIRECT_OBJC_ISA_USAGE = YES_ERROR;
				CLANG_WARN_DOCUMENTATION_COMMENTS = YES;
				CLANG_WARN_EMPTY_BODY = YES;
				CLANG_WARN_ENUM_CONVERSION = YES;
				CLANG_WARN_INFINITE_RECURSION = YES;
				CLANG_WARN_INT_CONVERSION = YES;
				CLANG_WARN_NON_LITERAL_NULL_CONVERSION = YES;
				CLANG_WARN_OBJC_IMPLICIT_RETAIN_SELF = YES;
				CLANG_WARN_OBJC_LITERAL_CONVERSION = YES;
				CLANG_WARN_OBJC_ROOT_CLASS = YES_ERROR;
				CLANG_WARN_QUOTED_INCLUDE_IN_FRAMEWORK_HEADER = YES;
				CLANG_WARN_RANGE_LOOP_ANALYSIS = YES;
				CLANG_WARN_STRICT_PROTOTYPES = YES;
				CLANG_WARN_SUSPICIOUS_MOVE = YES;
				CLANG_WARN_UNGUARDED_AVAILABILITY = YES_AGGRESSIVE;
				CLANG_WARN_UNREACHABLE_CODE = YES;
				CLANG_WARN__DUPLICATE_METHOD_MATCH = YES;
				COPY_PHASE_STRIP = NO;
				DEBUG_INFORMATION_FORMAT = dwarf;
				ENABLE_STRICT_OBJC_MSGSEND = YES;
				ENABLE_TESTABILITY = YES;
				ENABLE_USER_SCRIPT_SANDBOXING = YES;
				GCC_C_LANGUAGE_STANDARD = gnu17;
				GCC_DYNAMIC_NO_PIC = NO;
				GCC_NO_COMMON_BLOCKS = YES;
				GCC_OPTIMIZATION_LEVEL = 0;
				GCC_PREPROCESSOR_DEFINITIONS = (
					"DEBUG=1",
					"$(inherited)",
				);
				GCC_WARN_64_TO_32_BIT_CONVERSION = YES;
				GCC_WARN_ABOUT_RETURN_TYPE = YES_ERROR;
				GCC_WARN_UNDECLARED_SELECTOR = YES;
				GCC_WARN_UNINITIALIZED_AUTOS = YES_AGGRESSIVE;
				GCC_WARN_UNUSED_FUNCTION = YES;
				GCC_WARN_UNUSED_VARIABLE = YES;
				IPHONEOS_DEPLOYMENT_TARGET = 17.0;
				LOCALIZATION_PREFERS_STRING_CATALOGS = YES;
				MTL_ENABLE_DEBUG_INFO = INCLUDE_SOURCE;
				MTL_FAST_MATH = YES;
				ONLY_ACTIVE_ARCH = YES;
				SDKROOT = iphoneos;
				SWIFT_ACTIVE_COMPILATION_CONDITIONS = "DEBUG $(inherited)";
				SWIFT_OPTIMIZATION_LEVEL = "-Onone";
			};
			name = Debug;
		};
		8C7F797A2CB4FA3E003BCB10 /* Release */ = {
			isa = XCBuildConfiguration;
			buildSettings = {
				ALWAYS_SEARCH_USER_PATHS = NO;
				ASSETCATALOG_COMPILER_GENERATE_SWIFT_ASSET_SYMBOL_EXTENSIONS = YES;
				CLANG_ANALYZER_NONNULL = YES;
				CLANG_ANALYZER_NUMBER_OBJECT_CONVERSION = YES_AGGRESSIVE;
				CLANG_CXX_LANGUAGE_STANDARD = "gnu++20";
				CLANG_ENABLE_MODULES = YES;
				CLANG_ENABLE_OBJC_ARC = YES;
				CLANG_ENABLE_OBJC_WEAK = YES;
				CLANG_WARN_BLOCK_CAPTURE_AUTORELEASING = YES;
				CLANG_WARN_BOOL_CONVERSION = YES;
				CLANG_WARN_COMMA = YES;
				CLANG_WARN_CONSTANT_CONVERSION = YES;
				CLANG_WARN_DEPRECATED_OBJC_IMPLEMENTATIONS = YES;
				CLANG_WARN_DIRECT_OBJC_ISA_USAGE = YES_ERROR;
				CLANG_WARN_DOCUMENTATION_COMMENTS = YES;
				CLANG_WARN_EMPTY_BODY = YES;
				CLANG_WARN_ENUM_CONVERSION = YES;
				CLANG_WARN_INFINITE_RECURSION = YES;
				CLANG_WARN_INT_CONVERSION = YES;
				CLANG_WARN_NON_LITERAL_NULL_CONVERSION = YES;
				CLANG_WARN_OBJC_IMPLICIT_RETAIN_SELF = YES;
				CLANG_WARN_OBJC_LITERAL_CONVERSION = YES;
				CLANG_WARN_OBJC_ROOT_CLASS = YES_ERROR;
				CLANG_WARN_QUOTED_INCLUDE_IN_FRAMEWORK_HEADER = YES;
				CLANG_WARN_RANGE_LOOP_ANALYSIS = YES;
				CLANG_WARN_STRICT_PROTOTYPES = YES;
				CLANG_WARN_SUSPICIOUS_MOVE = YES;
				CLANG_WARN_UNGUARDED_AVAILABILITY = YES_AGGRESSIVE;
				CLANG_WARN_UNREACHABLE_CODE = YES;
				CLANG_WARN__DUPLICATE_METHOD_MATCH = YES;
				COPY_PHASE_STRIP = NO;
				DEBUG_INFORMATION_FORMAT = "dwarf-with-dsym";
				ENABLE_NS_ASSERTIONS = NO;
				ENABLE_STRICT_OBJC_MSGSEND = YES;
				ENABLE_USER_SCRIPT_SANDBOXING = YES;
				GCC_C_LANGUAGE_STANDARD = gnu17;
				GCC_NO_COMMON_BLOCKS = YES;
				GCC_WARN_64_TO_32_BIT_CONVERSION = YES;
				GCC_WARN_ABOUT_RETURN_TYPE = YES_ERROR;
				GCC_WARN_UNDECLARED_SELECTOR = YES;
				GCC_WARN_UNINITIALIZED_AUTOS = YES_AGGRESSIVE;
				GCC_WARN_UNUSED_FUNCTION = YES;
				GCC_WARN_UNUSED_VARIABLE = YES;
				IPHONEOS_DEPLOYMENT_TARGET = 17.0;
				LOCALIZATION_PREFERS_STRING_CATALOGS = YES;
				MTL_ENABLE_DEBUG_INFO = NO;
				MTL_FAST_MATH = YES;
				SDKROOT = iphoneos;
				SWIFT_COMPILATION_MODE = wholemodule;
				VALIDATE_PRODUCT = YES;
			};
			name = Release;
		};
		8C7F797C2CB4FA3E003BCB10 /* Debug */ = {
			isa = XCBuildConfiguration;
			buildSettings = {
				ASSETCATALOG_COMPILER_APPICON_NAME = AppIcon;
				ASSETCATALOG_COMPILER_GLOBAL_ACCENT_COLOR_NAME = AccentColor;
				CODE_SIGN_STYLE = Automatic;
				CURRENT_PROJECT_VERSION = 1;
				DEVELOPMENT_ASSET_PATHS = "\"ccunsaProyecto/Preview Content\"";
				ENABLE_PREVIEWS = YES;
				GENERATE_INFOPLIST_FILE = YES;
				INFOPLIST_KEY_NSCameraUsageDescription = "";
				INFOPLIST_KEY_UIApplicationSceneManifest_Generation = YES;
				INFOPLIST_KEY_UIApplicationSupportsIndirectInputEvents = YES;
				INFOPLIST_KEY_UILaunchScreen_Generation = YES;
				INFOPLIST_KEY_UISupportedInterfaceOrientations_iPad = "UIInterfaceOrientationPortrait UIInterfaceOrientationPortraitUpsideDown UIInterfaceOrientationLandscapeLeft UIInterfaceOrientationLandscapeRight";
				INFOPLIST_KEY_UISupportedInterfaceOrientations_iPhone = "UIInterfaceOrientationPortrait UIInterfaceOrientationLandscapeLeft UIInterfaceOrientationLandscapeRight";
				IPHONEOS_DEPLOYMENT_TARGET = 15.2;
				LD_RUNPATH_SEARCH_PATHS = (
					"$(inherited)",
					"@executable_path/Frameworks",
				);
				MARKETING_VERSION = 1.0;
				PRODUCT_BUNDLE_IDENTIFIER = com.danp.ccunsaProyecto;
				PRODUCT_NAME = "$(TARGET_NAME)";
				SUPPORTED_PLATFORMS = "iphoneos iphonesimulator";
				SUPPORTS_MACCATALYST = NO;
				SUPPORTS_MAC_DESIGNED_FOR_IPHONE_IPAD = NO;
				SWIFT_EMIT_LOC_STRINGS = YES;
				SWIFT_VERSION = 5.0;
				TARGETED_DEVICE_FAMILY = 1;
			};
			name = Debug;
		};
		8C7F797D2CB4FA3E003BCB10 /* Release */ = {
			isa = XCBuildConfiguration;
			buildSettings = {
				ASSETCATALOG_COMPILER_APPICON_NAME = AppIcon;
				ASSETCATALOG_COMPILER_GLOBAL_ACCENT_COLOR_NAME = AccentColor;
				CODE_SIGN_STYLE = Automatic;
				CURRENT_PROJECT_VERSION = 1;
				DEVELOPMENT_ASSET_PATHS = "\"ccunsaProyecto/Preview Content\"";
				ENABLE_PREVIEWS = YES;
				GENERATE_INFOPLIST_FILE = YES;
				INFOPLIST_KEY_NSCameraUsageDescription = "";
				INFOPLIST_KEY_UIApplicationSceneManifest_Generation = YES;
				INFOPLIST_KEY_UIApplicationSupportsIndirectInputEvents = YES;
				INFOPLIST_KEY_UILaunchScreen_Generation = YES;
				INFOPLIST_KEY_UISupportedInterfaceOrientations_iPad = "UIInterfaceOrientationPortrait UIInterfaceOrientationPortraitUpsideDown UIInterfaceOrientationLandscapeLeft UIInterfaceOrientationLandscapeRight";
				INFOPLIST_KEY_UISupportedInterfaceOrientations_iPhone = "UIInterfaceOrientationPortrait UIInterfaceOrientationLandscapeLeft UIInterfaceOrientationLandscapeRight";
				IPHONEOS_DEPLOYMENT_TARGET = 15.2;
				LD_RUNPATH_SEARCH_PATHS = (
					"$(inherited)",
					"@executable_path/Frameworks",
				);
				MARKETING_VERSION = 1.0;
				PRODUCT_BUNDLE_IDENTIFIER = com.danp.ccunsaProyecto;
				PRODUCT_NAME = "$(TARGET_NAME)";
				SUPPORTED_PLATFORMS = "iphoneos iphonesimulator";
				SUPPORTS_MACCATALYST = NO;
				SUPPORTS_MAC_DESIGNED_FOR_IPHONE_IPAD = NO;
				SWIFT_EMIT_LOC_STRINGS = YES;
				SWIFT_VERSION = 5.0;
				TARGETED_DEVICE_FAMILY = 1;
			};
			name = Release;
		};
/* End XCBuildConfiguration section */

/* Begin XCConfigurationList section */
		8C7F79682CB4FA3C003BCB10 /* Build configuration list for PBXProject "ccunsaProyecto" */ = {
			isa = XCConfigurationList;
			buildConfigurations = (
				8C7F79792CB4FA3E003BCB10 /* Debug */,
				8C7F797A2CB4FA3E003BCB10 /* Release */,
			);
			defaultConfigurationIsVisible = 0;
			defaultConfigurationName = Release;
		};
		8C7F797B2CB4FA3E003BCB10 /* Build configuration list for PBXNativeTarget "ccunsaProyecto" */ = {
			isa = XCConfigurationList;
			buildConfigurations = (
				8C7F797C2CB4FA3E003BCB10 /* Debug */,
				8C7F797D2CB4FA3E003BCB10 /* Release */,
			);
			defaultConfigurationIsVisible = 0;
			defaultConfigurationName = Release;
		};
/* End XCConfigurationList section */

/* Begin XCVersionGroup section */
		8C7F79862CB4FBC4003BCB10 /* ccunsaModel.xcdatamodeld */ = {
			isa = XCVersionGroup;
			children = (
				8C7F79872CB4FBC4003BCB10 /* ccunsaModel.xcdatamodel */,
			);
			currentVersion = 8C7F79872CB4FBC4003BCB10 /* ccunsaModel.xcdatamodel */;
			path = ccunsaModel.xcdatamodeld;
			sourceTree = "<group>";
			versionGroupType = wrapper.xcdatamodel;
		};
/* End XCVersionGroup section */
	};
	rootObject = 8C7F79652CB4FA3C003BCB10 /* Project object */;
}
